// !$*UTF8*$!
{
	archiveVersion = 1;
	classes = {
	};
	objectVersion = 50;
	objects = {

/* Begin PBXBuildFile section */
		9BFA53D423C523E80038B35B /* AppDelegate.swift in Sources */ = {isa = PBXBuildFile; fileRef = 9BFA53D323C523E80038B35B /* AppDelegate.swift */; };
		9BFA53D623C523E80038B35B /* SceneDelegate.swift in Sources */ = {isa = PBXBuildFile; fileRef = 9BFA53D523C523E80038B35B /* SceneDelegate.swift */; };
		9BFA53D823C523E80038B35B /* ViewController.swift in Sources */ = {isa = PBXBuildFile; fileRef = 9BFA53D723C523E80038B35B /* ViewController.swift */; };
		9BFA53DB23C523E80038B35B /* Main.storyboard in Resources */ = {isa = PBXBuildFile; fileRef = 9BFA53D923C523E80038B35B /* Main.storyboard */; };
		9BFA53DD23C523E80038B35B /* Assets.xcassets in Resources */ = {isa = PBXBuildFile; fileRef = 9BFA53DC23C523E80038B35B /* Assets.xcassets */; };
		9BFA53E023C523E80038B35B /* LaunchScreen.storyboard in Resources */ = {isa = PBXBuildFile; fileRef = 9BFA53DE23C523E80038B35B /* LaunchScreen.storyboard */; };
		9BFA53EB23C523E90038B35B /* ios2_Day1Tests.swift in Sources */ = {isa = PBXBuildFile; fileRef = 9BFA53EA23C523E90038B35B /* ios2_Day1Tests.swift */; };
		9BFA53F623C523E90038B35B /* ios2_Day1UITests.swift in Sources */ = {isa = PBXBuildFile; fileRef = 9BFA53F523C523E90038B35B /* ios2_Day1UITests.swift */; };
		9BFA540423C5267A0038B35B /* example.mp3 in Resources */ = {isa = PBXBuildFile; fileRef = 9BFA540323C5267A0038B35B /* example.mp3 */; };
		9BFA540823C556B60038B35B /* play.png in Resources */ = {isa = PBXBuildFile; fileRef = 9BFA540723C556B60038B35B /* play.png */; };
		9BFA540A23C556D80038B35B /* pause.png in Resources */ = {isa = PBXBuildFile; fileRef = 9BFA540923C556D80038B35B /* pause.png */; };
/* End PBXBuildFile section */

/* Begin PBXContainerItemProxy section */
		9BFA53E723C523E90038B35B /* PBXContainerItemProxy */ = {
			isa = PBXContainerItemProxy;
			containerPortal = 9BFA53C823C523E80038B35B /* Project object */;
			proxyType = 1;
			remoteGlobalIDString = 9BFA53CF23C523E80038B35B;
			remoteInfo = ios2_Day1;
		};
		9BFA53F223C523E90038B35B /* PBXContainerItemProxy */ = {
			isa = PBXContainerItemProxy;
			containerPortal = 9BFA53C823C523E80038B35B /* Project object */;
			proxyType = 1;
			remoteGlobalIDString = 9BFA53CF23C523E80038B35B;
			remoteInfo = ios2_Day1;
		};
/* End PBXContainerItemProxy section */

/* Begin PBXFileReference section */
		9BFA53D023C523E80038B35B /* ios2_Day1.app */ = {isa = PBXFileReference; explicitFileType = wrapper.application; includeInIndex = 0; path = ios2_Day1.app; sourceTree = BUILT_PRODUCTS_DIR; };
		9BFA53D323C523E80038B35B /* AppDelegate.swift */ = {isa = PBXFileReference; lastKnownFileType = sourcecode.swift; path = AppDelegate.swift; sourceTree = "<group>"; };
		9BFA53D523C523E80038B35B /* SceneDelegate.swift */ = {isa = PBXFileReference; lastKnownFileType = sourcecode.swift; path = SceneDelegate.swift; sourceTree = "<group>"; };
		9BFA53D723C523E80038B35B /* ViewController.swift */ = {isa = PBXFileReference; lastKnownFileType = sourcecode.swift; path = ViewController.swift; sourceTree = "<group>"; };
		9BFA53DA23C523E80038B35B /* Base */ = {isa = PBXFileReference; lastKnownFileType = file.storyboard; name = Base; path = Base.lproj/Main.storyboard; sourceTree = "<group>"; };
		9BFA53DC23C523E80038B35B /* Assets.xcassets */ = {isa = PBXFileReference; lastKnownFileType = folder.assetcatalog; path = Assets.xcassets; sourceTree = "<group>"; };
		9BFA53DF23C523E80038B35B /* Base */ = {isa = PBXFileReference; lastKnownFileType = file.storyboard; name = Base; path = Base.lproj/LaunchScreen.storyboard; sourceTree = "<group>"; };
		9BFA53E123C523E80038B35B /* Info.plist */ = {isa = PBXFileReference; lastKnownFileType = text.plist.xml; path = Info.plist; sourceTree = "<group>"; };
		9BFA53E623C523E90038B35B /* ios2_Day1Tests.xctest */ = {isa = PBXFileReference; explicitFileType = wrapper.cfbundle; includeInIndex = 0; path = ios2_Day1Tests.xctest; sourceTree = BUILT_PRODUCTS_DIR; };
		9BFA53EA23C523E90038B35B /* ios2_Day1Tests.swift */ = {isa = PBXFileReference; lastKnownFileType = sourcecode.swift; path = ios2_Day1Tests.swift; sourceTree = "<group>"; };
		9BFA53EC23C523E90038B35B /* Info.plist */ = {isa = PBXFileReference; lastKnownFileType = text.plist.xml; path = Info.plist; sourceTree = "<group>"; };
		9BFA53F123C523E90038B35B /* ios2_Day1UITests.xctest */ = {isa = PBXFileReference; explicitFileType = wrapper.cfbundle; includeInIndex = 0; path = ios2_Day1UITests.xctest; sourceTree = BUILT_PRODUCTS_DIR; };
		9BFA53F523C523E90038B35B /* ios2_Day1UITests.swift */ = {isa = PBXFileReference; lastKnownFileType = sourcecode.swift; path = ios2_Day1UITests.swift; sourceTree = "<group>"; };
		9BFA53F723C523E90038B35B /* Info.plist */ = {isa = PBXFileReference; lastKnownFileType = text.plist.xml; path = Info.plist; sourceTree = "<group>"; };
		9BFA540323C5267A0038B35B /* example.mp3 */ = {isa = PBXFileReference; lastKnownFileType = audio.mp3; name = example.mp3; path = ../../example.mp3; sourceTree = "<group>"; };
		9BFA540623C526F70038B35B /* example.mp3 */ = {isa = PBXFileReference; lastKnownFileType = audio.mp3; path = example.mp3; sourceTree = "<group>"; };
		9BFA540723C556B60038B35B /* play.png */ = {isa = PBXFileReference; lastKnownFileType = image.png; name = play.png; path = ../../../Downloads/play.png; sourceTree = "<group>"; };
		9BFA540923C556D80038B35B /* pause.png */ = {isa = PBXFileReference; lastKnownFileType = image.png; name = pause.png; path = ../../../Downloads/pause.png; sourceTree = "<group>"; };
/* End PBXFileReference section */

/* Begin PBXFrameworksBuildPhase section */
		9BFA53CD23C523E80038B35B /* Frameworks */ = {
			isa = PBXFrameworksBuildPhase;
			buildActionMask = 2147483647;
			files = (
			);
			runOnlyForDeploymentPostprocessing = 0;
		};
		9BFA53E323C523E80038B35B /* Frameworks */ = {
			isa = PBXFrameworksBuildPhase;
			buildActionMask = 2147483647;
			files = (
			);
			runOnlyForDeploymentPostprocessing = 0;
		};
		9BFA53EE23C523E90038B35B /* Frameworks */ = {
			isa = PBXFrameworksBuildPhase;
			buildActionMask = 2147483647;
			files = (
			);
			runOnlyForDeploymentPostprocessing = 0;
		};
/* End PBXFrameworksBuildPhase section */

/* Begin PBXGroup section */
		9BFA53C723C523E80038B35B = {
			isa = PBXGroup;
			children = (
				9BFA53D223C523E80038B35B /* ios2_Day1 */,
				9BFA53E923C523E90038B35B /* ios2_Day1Tests */,
				9BFA53F423C523E90038B35B /* ios2_Day1UITests */,
				9BFA53D123C523E80038B35B /* Products */,
			);
			sourceTree = "<group>";
		};
		9BFA53D123C523E80038B35B /* Products */ = {
			isa = PBXGroup;
			children = (
				9BFA53D023C523E80038B35B /* ios2_Day1.app */,
				9BFA53E623C523E90038B35B /* ios2_Day1Tests.xctest */,
				9BFA53F123C523E90038B35B /* ios2_Day1UITests.xctest */,
			);
			name = Products;
			sourceTree = "<group>";
		};
		9BFA53D223C523E80038B35B /* ios2_Day1 */ = {
			isa = PBXGroup;
			children = (
				9BFA540523C526E20038B35B /* sound */,
				9BFA53D323C523E80038B35B /* AppDelegate.swift */,
				9BFA53D523C523E80038B35B /* SceneDelegate.swift */,
				9BFA53D723C523E80038B35B /* ViewController.swift */,
				9BFA53D923C523E80038B35B /* Main.storyboard */,
				9BFA53DC23C523E80038B35B /* Assets.xcassets */,
				9BFA53DE23C523E80038B35B /* LaunchScreen.storyboard */,
				9BFA53E123C523E80038B35B /* Info.plist */,
				9BFA540723C556B60038B35B /* play.png */,
				9BFA540923C556D80038B35B /* pause.png */,
				9BFA540323C5267A0038B35B /* example.mp3 */,
			);
			path = ios2_Day1;
			sourceTree = "<group>";
		};
		9BFA53E923C523E90038B35B /* ios2_Day1Tests */ = {
			isa = PBXGroup;
			children = (
				9BFA53EA23C523E90038B35B /* ios2_Day1Tests.swift */,
				9BFA53EC23C523E90038B35B /* Info.plist */,
			);
			path = ios2_Day1Tests;
			sourceTree = "<group>";
		};
		9BFA53F423C523E90038B35B /* ios2_Day1UITests */ = {
			isa = PBXGroup;
			children = (
				9BFA53F523C523E90038B35B /* ios2_Day1UITests.swift */,
				9BFA53F723C523E90038B35B /* Info.plist */,
			);
			path = ios2_Day1UITests;
			sourceTree = "<group>";
		};
		9BFA540523C526E20038B35B /* sound */ = {
			isa = PBXGroup;
			children = (
				9BFA540623C526F70038B35B /* example.mp3 */,
			);
			path = sound;
			sourceTree = "<group>";
		};
/* End PBXGroup section */

/* Begin PBXNativeTarget section */
		9BFA53CF23C523E80038B35B /* ios2_Day1 */ = {
			isa = PBXNativeTarget;
			buildConfigurationList = 9BFA53FA23C523E90038B35B /* Build configuration list for PBXNativeTarget "ios2_Day1" */;
			buildPhases = (
				9BFA53CC23C523E80038B35B /* Sources */,
				9BFA53CD23C523E80038B35B /* Frameworks */,
				9BFA53CE23C523E80038B35B /* Resources */,
			);
			buildRules = (
			);
			dependencies = (
			);
			name = ios2_Day1;
			productName = ios2_Day1;
			productReference = 9BFA53D023C523E80038B35B /* ios2_Day1.app */;
			productType = "com.apple.product-type.application";
		};
		9BFA53E523C523E80038B35B /* ios2_Day1Tests */ = {
			isa = PBXNativeTarget;
			buildConfigurationList = 9BFA53FD23C523E90038B35B /* Build configuration list for PBXNativeTarget "ios2_Day1Tests" */;
			buildPhases = (
				9BFA53E223C523E80038B35B /* Sources */,
				9BFA53E323C523E80038B35B /* Frameworks */,
				9BFA53E423C523E80038B35B /* Resources */,
			);
			buildRules = (
			);
			dependencies = (
				9BFA53E823C523E90038B35B /* PBXTargetDependency */,
			);
			name = ios2_Day1Tests;
			productName = ios2_Day1Tests;
			productReference = 9BFA53E623C523E90038B35B /* ios2_Day1Tests.xctest */;
			productType = "com.apple.product-type.bundle.unit-test";
		};
		9BFA53F023C523E90038B35B /* ios2_Day1UITests */ = {
			isa = PBXNativeTarget;
			buildConfigurationList = 9BFA540023C523E90038B35B /* Build configuration list for PBXNativeTarget "ios2_Day1UITests" */;
			buildPhases = (
				9BFA53ED23C523E90038B35B /* Sources */,
				9BFA53EE23C523E90038B35B /* Frameworks */,
				9BFA53EF23C523E90038B35B /* Resources */,
			);
			buildRules = (
			);
			dependencies = (
				9BFA53F323C523E90038B35B /* PBXTargetDependency */,
			);
			name = ios2_Day1UITests;
			productName = ios2_Day1UITests;
			productReference = 9BFA53F123C523E90038B35B /* ios2_Day1UITests.xctest */;
			productType = "com.apple.product-type.bundle.ui-testing";
		};
/* End PBXNativeTarget section */

/* Begin PBXProject section */
		9BFA53C823C523E80038B35B /* Project object */ = {
			isa = PBXProject;
			attributes = {
				LastSwiftUpdateCheck = 1130;
				LastUpgradeCheck = 1130;
				ORGANIZATIONNAME = MacStudent;
				TargetAttributes = {
					9BFA53CF23C523E80038B35B = {
						CreatedOnToolsVersion = 11.3;
					};
					9BFA53E523C523E80038B35B = {
						CreatedOnToolsVersion = 11.3;
						TestTargetID = 9BFA53CF23C523E80038B35B;
					};
					9BFA53F023C523E90038B35B = {
						CreatedOnToolsVersion = 11.3;
						TestTargetID = 9BFA53CF23C523E80038B35B;
					};
				};
			};
			buildConfigurationList = 9BFA53CB23C523E80038B35B /* Build configuration list for PBXProject "ios2_Day1" */;
			compatibilityVersion = "Xcode 9.3";
			developmentRegion = en;
			hasScannedForEncodings = 0;
			knownRegions = (
				en,
				Base,
			);
			mainGroup = 9BFA53C723C523E80038B35B;
			productRefGroup = 9BFA53D123C523E80038B35B /* Products */;
			projectDirPath = "";
			projectRoot = "";
			targets = (
				9BFA53CF23C523E80038B35B /* ios2_Day1 */,
				9BFA53E523C523E80038B35B /* ios2_Day1Tests */,
				9BFA53F023C523E90038B35B /* ios2_Day1UITests */,
			);
		};
/* End PBXProject section */

/* Begin PBXResourcesBuildPhase section */
		9BFA53CE23C523E80038B35B /* Resources */ = {
			isa = PBXResourcesBuildPhase;
			buildActionMask = 2147483647;
			files = (
				9BFA540423C5267A0038B35B /* example.mp3 in Resources */,
				9BFA53E023C523E80038B35B /* LaunchScreen.storyboard in Resources */,
				9BFA53DD23C523E80038B35B /* Assets.xcassets in Resources */,
				9BFA540823C556B60038B35B /* play.png in Resources */,
				9BFA53DB23C523E80038B35B /* Main.storyboard in Resources */,
				9BFA540A23C556D80038B35B /* pause.png in Resources */,
			);
			runOnlyForDeploymentPostprocessing = 0;
		};
		9BFA53E423C523E80038B35B /* Resources */ = {
			isa = PBXResourcesBuildPhase;
			buildActionMask = 2147483647;
			files = (
			);
			runOnlyForDeploymentPostprocessing = 0;
		};
		9BFA53EF23C523E90038B35B /* Resources */ = {
			isa = PBXResourcesBuildPhase;
			buildActionMask = 2147483647;
			files = (
			);
			runOnlyForDeploymentPostprocessing = 0;
		};
/* End PBXResourcesBuildPhase section */

/* Begin PBXSourcesBuildPhase section */
		9BFA53CC23C523E80038B35B /* Sources */ = {
			isa = PBXSourcesBuildPhase;
			buildActionMask = 2147483647;
			files = (
				9BFA53D823C523E80038B35B /* ViewController.swift in Sources */,
				9BFA53D423C523E80038B35B /* AppDelegate.swift in Sources */,
				9BFA53D623C523E80038B35B /* SceneDelegate.swift in Sources */,
			);
			runOnlyForDeploymentPostprocessing = 0;
		};
		9BFA53E223C523E80038B35B /* Sources */ = {
			isa = PBXSourcesBuildPhase;
			buildActionMask = 2147483647;
			files = (
				9BFA53EB23C523E90038B35B /* ios2_Day1Tests.swift in Sources */,
			);
			runOnlyForDeploymentPostprocessing = 0;
		};
		9BFA53ED23C523E90038B35B /* Sources */ = {
			isa = PBXSourcesBuildPhase;
			buildActionMask = 2147483647;
			files = (
				9BFA53F623C523E90038B35B /* ios2_Day1UITests.swift in Sources */,
			);
			runOnlyForDeploymentPostprocessing = 0;
		};
/* End PBXSourcesBuildPhase section */

/* Begin PBXTargetDependency section */
		9BFA53E823C523E90038B35B /* PBXTargetDependency */ = {
			isa = PBXTargetDependency;
			target = 9BFA53CF23C523E80038B35B /* ios2_Day1 */;
			targetProxy = 9BFA53E723C523E90038B35B /* PBXContainerItemProxy */;
		};
		9BFA53F323C523E90038B35B /* PBXTargetDependency */ = {
			isa = PBXTargetDependency;
			target = 9BFA53CF23C523E80038B35B /* ios2_Day1 */;
			targetProxy = 9BFA53F223C523E90038B35B /* PBXContainerItemProxy */;
		};
/* End PBXTargetDependency section */

/* Begin PBXVariantGroup section */
		9BFA53D923C523E80038B35B /* Main.storyboard */ = {
			isa = PBXVariantGroup;
			children = (
				9BFA53DA23C523E80038B35B /* Base */,
			);
			name = Main.storyboard;
			sourceTree = "<group>";
		};
		9BFA53DE23C523E80038B35B /* LaunchScreen.storyboard */ = {
			isa = PBXVariantGroup;
			children = (
				9BFA53DF23C523E80038B35B /* Base */,
			);
			name = LaunchScreen.storyboard;
			sourceTree = "<group>";
		};
/* End PBXVariantGroup section */

/* Begin XCBuildConfiguration section */
		9BFA53F823C523E90038B35B /* Debug */ = {
			isa = XCBuildConfiguration;
			buildSettings = {
				ALWAYS_SEARCH_USER_PATHS = NO;
				CLANG_ANALYZER_NONNULL = YES;
				CLANG_ANALYZER_NUMBER_OBJECT_CONVERSION = YES_AGGRESSIVE;
				CLANG_CXX_LANGUAGE_STANDARD = "gnu++14";
				CLANG_CXX_LIBRARY = "libc++";
				CLANG_ENABLE_MODULES = YES;
				CLANG_ENABLE_OBJC_ARC = YES;
				CLANG_ENABLE_OBJC_WEAK = YES;
				CLANG_WARN_BLOCK_CAPTURE_AUTORELEASING = YES;
				CLANG_WARN_BOOL_CONVERSION = YES;
				CLANG_WARN_COMMA = YES;
				CLANG_WARN_CONSTANT_CONVERSION = YES;
				CLANG_WARN_DEPRECATED_OBJC_IMPLEMENTATIONS = YES;
				CLANG_WARN_DIRECT_OBJC_ISA_USAGE = YES_ERROR;
				CLANG_WARN_DOCUMENTATION_COMMENTS = YES;
				CLANG_WARN_EMPTY_BODY = YES;
				CLANG_WARN_ENUM_CONVERSION = YES;
				CLANG_WARN_INFINITE_RECURSION = YES;
				CLANG_WARN_INT_CONVERSION = YES;
				CLANG_WARN_NON_LITERAL_NULL_CONVERSION = YES;
				CLANG_WARN_OBJC_IMPLICIT_RETAIN_SELF = YES;
				CLANG_WARN_OBJC_LITERAL_CONVERSION = YES;
				CLANG_WARN_OBJC_ROOT_CLASS = YES_ERROR;
				CLANG_WARN_RANGE_LOOP_ANALYSIS = YES;
				CLANG_WARN_STRICT_PROTOTYPES = YES;
				CLANG_WARN_SUSPICIOUS_MOVE = YES;
				CLANG_WARN_UNGUARDED_AVAILABILITY = YES_AGGRESSIVE;
				CLANG_WARN_UNREACHABLE_CODE = YES;
				CLANG_WARN__DUPLICATE_METHOD_MATCH = YES;
				COPY_PHASE_STRIP = NO;
				DEBUG_INFORMATION_FORMAT = dwarf;
				ENABLE_STRICT_OBJC_MSGSEND = YES;
				ENABLE_TESTABILITY = YES;
				GCC_C_LANGUAGE_STANDARD = gnu11;
				GCC_DYNAMIC_NO_PIC = NO;
				GCC_NO_COMMON_BLOCKS = YES;
				GCC_OPTIMIZATION_LEVEL = 0;
				GCC_PREPROCESSOR_DEFINITIONS = (
					"DEBUG=1",
					"$(inherited)",
				);
				GCC_WARN_64_TO_32_BIT_CONVERSION = YES;
				GCC_WARN_ABOUT_RETURN_TYPE = YES_ERROR;
				GCC_WARN_UNDECLARED_SELECTOR = YES;
				GCC_WARN_UNINITIALIZED_AUTOS = YES_AGGRESSIVE;
				GCC_WARN_UNUSED_FUNCTION = YES;
				GCC_WARN_UNUSED_VARIABLE = YES;
				IPHONEOS_DEPLOYMENT_TARGET = 13.2;
				MTL_ENABLE_DEBUG_INFO = INCLUDE_SOURCE;
				MTL_FAST_MATH = YES;
				ONLY_ACTIVE_ARCH = YES;
				SDKROOT = iphoneos;
				SWIFT_ACTIVE_COMPILATION_CONDITIONS = DEBUG;
				SWIFT_OPTIMIZATION_LEVEL = "-Onone";
			};
			name = Debug;
		};
		9BFA53F923C523E90038B35B /* Release */ = {
			isa = XCBuildConfiguration;
			buildSettings = {
				ALWAYS_SEARCH_USER_PATHS = NO;
				CLANG_ANALYZER_NONNULL = YES;
				CLANG_ANALYZER_NUMBER_OBJECT_CONVERSION = YES_AGGRESSIVE;
				CLANG_CXX_LANGUAGE_STANDARD = "gnu++14";
				CLANG_CXX_LIBRARY = "libc++";
				CLANG_ENABLE_MODULES = YES;
				CLANG_ENABLE_OBJC_ARC = YES;
				CLANG_ENABLE_OBJC_WEAK = YES;
				CLANG_WARN_BLOCK_CAPTURE_AUTORELEASING = YES;
				CLANG_WARN_BOOL_CONVERSION = YES;
				CLANG_WARN_COMMA = YES;
				CLANG_WARN_CONSTANT_CONVERSION = YES;
				CLANG_WARN_DEPRECATED_OBJC_IMPLEMENTATIONS = YES;
				CLANG_WARN_DIRECT_OBJC_ISA_USAGE = YES_ERROR;
				CLANG_WARN_DOCUMENTATION_COMMENTS = YES;
				CLANG_WARN_EMPTY_BODY = YES;
				CLANG_WARN_ENUM_CONVERSION = YES;
				CLANG_WARN_INFINITE_RECURSION = YES;
				CLANG_WARN_INT_CONVERSION = YES;
				CLANG_WARN_NON_LITERAL_NULL_CONVERSION = YES;
				CLANG_WARN_OBJC_IMPLICIT_RETAIN_SELF = YES;
				CLANG_WARN_OBJC_LITERAL_CONVERSION = YES;
				CLANG_WARN_OBJC_ROOT_CLASS = YES_ERROR;
				CLANG_WARN_RANGE_LOOP_ANALYSIS = YES;
				CLANG_WARN_STRICT_PROTOTYPES = YES;
				CLANG_WARN_SUSPICIOUS_MOVE = YES;
				CLANG_WARN_UNGUARDED_AVAILABILITY = YES_AGGRESSIVE;
				CLANG_WARN_UNREACHABLE_CODE = YES;
				CLANG_WARN__DUPLICATE_METHOD_MATCH = YES;
				COPY_PHASE_STRIP = NO;
				DEBUG_INFORMATION_FORMAT = "dwarf-with-dsym";
				ENABLE_NS_ASSERTIONS = NO;
				ENABLE_STRICT_OBJC_MSGSEND = YES;
				GCC_C_LANGUAGE_STANDARD = gnu11;
				GCC_NO_COMMON_BLOCKS = YES;
				GCC_WARN_64_TO_32_BIT_CONVERSION = YES;
				GCC_WARN_ABOUT_RETURN_TYPE = YES_ERROR;
				GCC_WARN_UNDECLARED_SELECTOR = YES;
				GCC_WARN_UNINITIALIZED_AUTOS = YES_AGGRESSIVE;
				GCC_WARN_UNUSED_FUNCTION = YES;
				GCC_WARN_UNUSED_VARIABLE = YES;
				IPHONEOS_DEPLOYMENT_TARGET = 13.2;
				MTL_ENABLE_DEBUG_INFO = NO;
				MTL_FAST_MATH = YES;
				SDKROOT = iphoneos;
				SWIFT_COMPILATION_MODE = wholemodule;
				SWIFT_OPTIMIZATION_LEVEL = "-O";
				VALIDATE_PRODUCT = YES;
			};
			name = Release;
		};
		9BFA53FB23C523E90038B35B /* Debug */ = {
			isa = XCBuildConfiguration;
			buildSettings = {
				ASSETCATALOG_COMPILER_APPICON_NAME = AppIcon;
				CODE_SIGN_STYLE = Automatic;
				INFOPLIST_FILE = ios2_Day1/Info.plist;
				LD_RUNPATH_SEARCH_PATHS = (
					"$(inherited)",
					"@executable_path/Frameworks",
				);
				PRODUCT_BUNDLE_IDENTIFIER = "CestarCollege.ios2-Day1";
				PRODUCT_NAME = "$(TARGET_NAME)";
				SWIFT_VERSION = 5.0;
				TARGETED_DEVICE_FAMILY = "1,2";
			};
			name = Debug;
		};
		9BFA53FC23C523E90038B35B /* Release */ = {
			isa = XCBuildConfiguration;
			buildSettings = {
				ASSETCATALOG_COMPILER_APPICON_NAME = AppIcon;
				CODE_SIGN_STYLE = Automatic;
				INFOPLIST_FILE = ios2_Day1/Info.plist;
				LD_RUNPATH_SEARCH_PATHS = (
					"$(inherited)",
					"@executable_path/Frameworks",
				);
				PRODUCT_BUNDLE_IDENTIFIER = "CestarCollege.ios2-Day1";
				PRODUCT_NAME = "$(TARGET_NAME)";
				SWIFT_VERSION = 5.0;
				TARGETED_DEVICE_FAMILY = "1,2";
			};
			name = Release;
		};
		9BFA53FE23C523E90038B35B /* Debug */ = {
			isa = XCBuildConfiguration;
			buildSettings = {
				ALWAYS_EMBED_SWIFT_STANDARD_LIBRARIES = YES;
				BUNDLE_LOADER = "$(TEST_HOST)";
				CODE_SIGN_STYLE = Automatic;
				INFOPLIST_FILE = ios2_Day1Tests/Info.plist;
				IPHONEOS_DEPLOYMENT_TARGET = 13.2;
				LD_RUNPATH_SEARCH_PATHS = (
					"$(inherited)",
					"@executable_path/Frameworks",
					"@loader_path/Frameworks",
				);
				PRODUCT_BUNDLE_IDENTIFIER = "CestarCollege.ios2-Day1Tests";
				PRODUCT_NAME = "$(TARGET_NAME)";
				SWIFT_VERSION = 5.0;
				TARGETED_DEVICE_FAMILY = "1,2";
				TEST_HOST = "$(BUILT_PRODUCTS_DIR)/ios2_Day1.app/ios2_Day1";
			};
			name = Debug;
		};
		9BFA53FF23C523E90038B35B /* Release */ = {
			isa = XCBuildConfiguration;
			buildSettings = {
				ALWAYS_EMBED_SWIFT_STANDARD_LIBRARIES = YES;
				BUNDLE_LOADER = "$(TEST_HOST)";
				CODE_SIGN_STYLE = Automatic;
				INFOPLIST_FILE = ios2_Day1Tests/Info.plist;
				IPHONEOS_DEPLOYMENT_TARGET = 13.2;
				LD_RUNPATH_SEARCH_PATHS = (
					"$(inherited)",
					"@executable_path/Frameworks",
					"@loader_path/Frameworks",
				);
				PRODUCT_BUNDLE_IDENTIFIER = "CestarCollege.ios2-Day1Tests";
				PRODUCT_NAME = "$(TARGET_NAME)";
				SWIFT_VERSION = 5.0;
				TARGETED_DEVICE_FAMILY = "1,2";
				TEST_HOST = "$(BUILT_PRODUCTS_DIR)/ios2_Day1.app/ios2_Day1";
			};
			name = Release;
		};
		9BFA540123C523E90038B35B /* Debug */ = {
			isa = XCBuildConfiguration;
			buildSettings = {
				ALWAYS_EMBED_SWIFT_STANDARD_LIBRARIES = YES;
				CODE_SIGN_STYLE = Automatic;
				INFOPLIST_FILE = ios2_Day1UITests/Info.plist;
				LD_RUNPATH_SEARCH_PATHS = (
					"$(inherited)",
					"@executable_path/Frameworks",
					"@loader_path/Frameworks",
				);
				PRODUCT_BUNDLE_IDENTIFIER = "CestarCollege.ios2-Day1UITests";
				PRODUCT_NAME = "$(TARGET_NAME)";
				SWIFT_VERSION = 5.0;
				TARGETED_DEVICE_FAMILY = "1,2";
				TEST_TARGET_NAME = ios2_Day1;
			};
			name = Debug;
		};
		9BFA540223C523E90038B35B /* Release */ = {
			isa = XCBuildConfiguration;
			buildSettings = {
				ALWAYS_EMBED_SWIFT_STANDARD_LIBRARIES = YES;
				CODE_SIGN_STYLE = Automatic;
				INFOPLIST_FILE = ios2_Day1UITests/Info.plist;
				LD_RUNPATH_SEARCH_PATHS = (
					"$(inherited)",
					"@executable_path/Frameworks",
					"@loader_path/Frameworks",
				);
				PRODUCT_BUNDLE_IDENTIFIER = "CestarCollege.ios2-Day1UITests";
				PRODUCT_NAME = "$(TARGET_NAME)";
				SWIFT_VERSION = 5.0;
				TARGETED_DEVICE_FAMILY = "1,2";
				TEST_TARGET_NAME = ios2_Day1;
			};
			name = Release;
		};
/* End XCBuildConfiguration section */

/* Begin XCConfigurationList section */
		9BFA53CB23C523E80038B35B /* Build configuration list for PBXProject "ios2_Day1" */ = {
			isa = XCConfigurationList;
			buildConfigurations = (
				9BFA53F823C523E90038B35B /* Debug */,
				9BFA53F923C523E90038B35B /* Release */,
			);
			defaultConfigurationIsVisible = 0;
			defaultConfigurationName = Release;
		};
		9BFA53FA23C523E90038B35B /* Build configuration list for PBXNativeTarget "ios2_Day1" */ = {
			isa = XCConfigurationList;
			buildConfigurations = (
				9BFA53FB23C523E90038B35B /* Debug */,
				9BFA53FC23C523E90038B35B /* Release */,
			);
			defaultConfigurationIsVisible = 0;
			defaultConfigurationName = Release;
		};
		9BFA53FD23C523E90038B35B /* Build configuration list for PBXNativeTarget "ios2_Day1Tests" */ = {
			isa = XCConfigurationList;
			buildConfigurations = (
				9BFA53FE23C523E90038B35B /* Debug */,
				9BFA53FF23C523E90038B35B /* Release */,
			);
			defaultConfigurationIsVisible = 0;
			defaultConfigurationName = Release;
		};
		9BFA540023C523E90038B35B /* Build configuration list for PBXNativeTarget "ios2_Day1UITests" */ = {
			isa = XCConfigurationList;
			buildConfigurations = (
				9BFA540123C523E90038B35B /* Debug */,
				9BFA540223C523E90038B35B /* Release */,
			);
			defaultConfigurationIsVisible = 0;
			defaultConfigurationName = Release;
		};
/* End XCConfigurationList section */
	};
	rootObject = 9BFA53C823C523E80038B35B /* Project object */;
}
